
Microsoft Visual Studio Solution File, Format Version 12.00
# Visual Studio Version 16
VisualStudioVersion = 16.0.30114.105
MinimumVisualStudioVersion = 10.0.40219.1
Project("{2150E333-8FDC-42A3-9474-1A3956D46DE8}") = "src", "src", "{A50BE52E-1101-42C6-A01A-2F4A8545240B}"
EndProject
Project("{FAE04EC0-301F-11D3-BF4B-00C04F79EFBC}") = "Infrastructure", "src\Infrastructure\Infrastructure.csproj", "{DA0AE823-A2A9-4E24-B4BD-538D5AD91FD5}"
EndProject
Project("{FAE04EC0-301F-11D3-BF4B-00C04F79EFBC}") = "ApplicationCore", "src\ApplicationCore\ApplicationCore.csproj", "{DAC5B81D-75E1-4786-9A50-923A33809754}"
EndProject
Project("{FAE04EC0-301F-11D3-BF4B-00C04F79EFBC}") = "Web", "src\Web\Web.csproj", "{B36F1D19-1882-4665-A21E-2EC32F43A5FA}"
EndProject
Project("{2150E333-8FDC-42A3-9474-1A3956D46DE8}") = "test", "test", "{4BD99D5D-8DBD-497A-AE4A-0A35B71E5674}"
EndProject
Project("{FAE04EC0-301F-11D3-BF4B-00C04F79EFBC}") = "ApplicationCore.Test", "test\ApplicationCore.Test\ApplicationCore.Test.csproj", "{495272C8-5C84-4AA1-A1B3-93268E2D8280}"
EndProject
Global
	GlobalSection(SolutionConfigurationPlatforms) = preSolution
		Debug|Any CPU = Debug|Any CPU
		Debug|x64 = Debug|x64
		Debug|x86 = Debug|x86
		Release|Any CPU = Release|Any CPU
		Release|x64 = Release|x64
		Release|x86 = Release|x86
	EndGlobalSection
	GlobalSection(SolutionProperties) = preSolution
		HideSolutionNode = FALSE
	EndGlobalSection
	GlobalSection(ProjectConfigurationPlatforms) = postSolution
		{DA0AE823-A2A9-4E24-B4BD-538D5AD91FD5}.Debug|Any CPU.ActiveCfg = Debug|Any CPU
		{DA0AE823-A2A9-4E24-B4BD-538D5AD91FD5}.Debug|Any CPU.Build.0 = Debug|Any CPU
		{DA0AE823-A2A9-4E24-B4BD-538D5AD91FD5}.Debug|x64.ActiveCfg = Debug|Any CPU
		{DA0AE823-A2A9-4E24-B4BD-538D5AD91FD5}.Debug|x64.Build.0 = Debug|Any CPU
		{DA0AE823-A2A9-4E24-B4BD-538D5AD91FD5}.Debug|x86.ActiveCfg = Debug|Any CPU
		{DA0AE823-A2A9-4E24-B4BD-538D5AD91FD5}.Debug|x86.Build.0 = Debug|Any CPU
		{DA0AE823-A2A9-4E24-B4BD-538D5AD91FD5}.Release|Any CPU.ActiveCfg = Release|Any CPU
		{DA0AE823-A2A9-4E24-B4BD-538D5AD91FD5}.Release|Any CPU.Build.0 = Release|Any CPU
		{DA0AE823-A2A9-4E24-B4BD-538D5AD91FD5}.Release|x64.ActiveCfg = Release|Any CPU
		{DA0AE823-A2A9-4E24-B4BD-538D5AD91FD5}.Release|x64.Build.0 = Release|Any CPU
		{DA0AE823-A2A9-4E24-B4BD-538D5AD91FD5}.Release|x86.ActiveCfg = Release|Any CPU
		{DA0AE823-A2A9-4E24-B4BD-538D5AD91FD5}.Release|x86.Build.0 = Release|Any CPU
		{DAC5B81D-75E1-4786-9A50-923A33809754}.Debug|Any CPU.ActiveCfg = Debug|Any CPU
		{DAC5B81D-75E1-4786-9A50-923A33809754}.Debug|Any CPU.Build.0 = Debug|Any CPU
		{DAC5B81D-75E1-4786-9A50-923A33809754}.Debug|x64.ActiveCfg = Debug|Any CPU
		{DAC5B81D-75E1-4786-9A50-923A33809754}.Debug|x64.Build.0 = Debug|Any CPU
		{DAC5B81D-75E1-4786-9A50-923A33809754}.Debug|x86.ActiveCfg = Debug|Any CPU
		{DAC5B81D-75E1-4786-9A50-923A33809754}.Debug|x86.Build.0 = Debug|Any CPU
		{DAC5B81D-75E1-4786-9A50-923A33809754}.Release|Any CPU.ActiveCfg = Release|Any CPU
		{DAC5B81D-75E1-4786-9A50-923A33809754}.Release|Any CPU.Build.0 = Release|Any CPU
		{DAC5B81D-75E1-4786-9A50-923A33809754}.Release|x64.ActiveCfg = Release|Any CPU
		{DAC5B81D-75E1-4786-9A50-923A33809754}.Release|x64.Build.0 = Release|Any CPU
		{DAC5B81D-75E1-4786-9A50-923A33809754}.Release|x86.ActiveCfg = Release|Any CPU
		{DAC5B81D-75E1-4786-9A50-923A33809754}.Release|x86.Build.0 = Release|Any CPU
		{B36F1D19-1882-4665-A21E-2EC32F43A5FA}.Debug|Any CPU.ActiveCfg = Debug|Any CPU
		{B36F1D19-1882-4665-A21E-2EC32F43A5FA}.Debug|Any CPU.Build.0 = Debug|Any CPU
		{B36F1D19-1882-4665-A21E-2EC32F43A5FA}.Debug|x64.ActiveCfg = Debug|Any CPU
		{B36F1D19-1882-4665-A21E-2EC32F43A5FA}.Debug|x64.Build.0 = Debug|Any CPU
		{B36F1D19-1882-4665-A21E-2EC32F43A5FA}.Debug|x86.ActiveCfg = Debug|Any CPU
		{B36F1D19-1882-4665-A21E-2EC32F43A5FA}.Debug|x86.Build.0 = Debug|Any CPU
		{B36F1D19-1882-4665-A21E-2EC32F43A5FA}.Release|Any CPU.ActiveCfg = Release|Any CPU
		{B36F1D19-1882-4665-A21E-2EC32F43A5FA}.Release|Any CPU.Build.0 = Release|Any CPU
		{B36F1D19-1882-4665-A21E-2EC32F43A5FA}.Release|x64.ActiveCfg = Release|Any CPU
		{B36F1D19-1882-4665-A21E-2EC32F43A5FA}.Release|x64.Build.0 = Release|Any CPU
		{B36F1D19-1882-4665-A21E-2EC32F43A5FA}.Release|x86.ActiveCfg = Release|Any CPU
		{B36F1D19-1882-4665-A21E-2EC32F43A5FA}.Release|x86.Build.0 = Release|Any CPU
		{495272C8-5C84-4AA1-A1B3-93268E2D8280}.Debug|Any CPU.ActiveCfg = Debug|Any CPU
		{495272C8-5C84-4AA1-A1B3-93268E2D8280}.Debug|Any CPU.Build.0 = Debug|Any CPU
		{495272C8-5C84-4AA1-A1B3-93268E2D8280}.Debug|x64.ActiveCfg = Debug|Any CPU
		{495272C8-5C84-4AA1-A1B3-93268E2D8280}.Debug|x64.Build.0 = Debug|Any CPU
		{495272C8-5C84-4AA1-A1B3-93268E2D8280}.Debug|x86.ActiveCfg = Debug|Any CPU
		{495272C8-5C84-4AA1-A1B3-93268E2D8280}.Debug|x86.Build.0 = Debug|Any CPU
		{495272C8-5C84-4AA1-A1B3-93268E2D8280}.Release|Any CPU.ActiveCfg = Release|Any CPU
		{495272C8-5C84-4AA1-A1B3-93268E2D8280}.Release|Any CPU.Build.0 = Release|Any CPU
		{495272C8-5C84-4AA1-A1B3-93268E2D8280}.Release|x64.ActiveCfg = Release|Any CPU
		{495272C8-5C84-4AA1-A1B3-93268E2D8280}.Release|x64.Build.0 = Release|Any CPU
		{495272C8-5C84-4AA1-A1B3-93268E2D8280}.Release|x86.ActiveCfg = Release|Any CPU
		{495272C8-5C84-4AA1-A1B3-93268E2D8280}.Release|x86.Build.0 = Release|Any CPU
	EndGlobalSection
	GlobalSection(NestedProjects) = preSolution
		{DA0AE823-A2A9-4E24-B4BD-538D5AD91FD5} = {A50BE52E-1101-42C6-A01A-2F4A8545240B}
		{DAC5B81D-75E1-4786-9A50-923A33809754} = {A50BE52E-1101-42C6-A01A-2F4A8545240B}
		{B36F1D19-1882-4665-A21E-2EC32F43A5FA} = {A50BE52E-1101-42C6-A01A-2F4A8545240B}
		{495272C8-5C84-4AA1-A1B3-93268E2D8280} = {4BD99D5D-8DBD-497A-AE4A-0A35B71E5674}
	EndGlobalSection
EndGlobal
